{
  "name": "videoproject",
  "version": "1.0.0",
  "lockfileVersion": 2,
  "requires": true,
  "packages": {
    "": {
      "name": "videoproject",
      "version": "1.0.0",
      "license": "ISC",
      "dependencies": {
        "random-greetings": "^1.0.5"
      }
    },
    "node_modules/random-greetings": {
      "version": "1.0.5",
      "resolved": "https://registry.npmjs.org/random-greetings/-/random-greetings-1.0.5.tgz",
      "integrity": "sha1-ygkQcqC8mZO1YbyqS0WbGhyKmMI="
    }
  },
  "dependencies": {
    "random-greetings": {
      "version": "1.0.5",
      "resolved": "https://registry.npmjs.org/random-greetings/-/random-greetings-1.0.5.tgz",
      "integrity": "sha1-ygkQcqC8mZO1YbyqS0WbGhyKmMI="
    }
  }
}
